
Microsoft Visual Studio Solution File, Format Version 12.00
# Visual Studio Version 16
VisualStudioVersion = 16.0.30413.136
MinimumVisualStudioVersion = 10.0.40219.1
Project("{FAE04EC0-301F-11D3-BF4B-00C04F79EFBC}") = "BookKeepingApp", "BookKeepingApp\BookKeepingApp.csproj", "{196EBF6C-D256-42EA-9606-9D2D2D4617E9}"
EndProject
Global
	GlobalSection(SolutionConfigurationPlatforms) = preSolution
		Debug|Any CPU = Debug|Any CPU
		Release|Any CPU = Release|Any CPU
	EndGlobalSection
	GlobalSection(ProjectConfigurationPlatforms) = postSolution
		{196EBF6C-D256-42EA-9606-9D2D2D4617E9}.Debug|Any CPU.ActiveCfg = Debug|Any CPU
		{196EBF6C-D256-42EA-9606-9D2D2D4617E9}.Debug|Any CPU.Build.0 = Debug|Any CPU
		{196EBF6C-D256-42EA-9606-9D2D2D4617E9}.Release|Any CPU.ActiveCfg = Release|Any CPU
		{196EBF6C-D256-42EA-9606-9D2D2D4617E9}.Release|Any CPU.Build.0 = Release|Any CPU
	EndGlobalSection
	GlobalSection(SolutionProperties) = preSolution
		HideSolutionNode = FALSE
	EndGlobalSection
	GlobalSection(ExtensibilityGlobals) = postSolution
		SolutionGuid = {E70FBFE8-AAC3-4DCB-8CAF-FD9DC0EC1F6B}
	EndGlobalSection
EndGlobal
